
Microsoft Visual Studio Solution File, Format Version 12.00
# Visual Studio Version 16
VisualStudioVersion = 16.0.29519.181
MinimumVisualStudioVersion = 10.0.40219.1
Project("{FAE04EC0-301F-11D3-BF4B-00C04F79EFBC}") = "EmailValidator", "EmailValidator\EmailValidator.csproj", "{F6AE03A4-D020-4067-A0D7-EE3B43866F71}"
EndProject
Global
	GlobalSection(SolutionConfigurationPlatforms) = preSolution
		Debug|Any CPU = Debug|Any CPU
		Release|Any CPU = Release|Any CPU
	EndGlobalSection
	GlobalSection(ProjectConfigurationPlatforms) = postSolution
		{F6AE03A4-D020-4067-A0D7-EE3B43866F71}.Debug|Any CPU.ActiveCfg = Debug|Any CPU
		{F6AE03A4-D020-4067-A0D7-EE3B43866F71}.Debug|Any CPU.Build.0 = Debug|Any CPU
		{F6AE03A4-D020-4067-A0D7-EE3B43866F71}.Release|Any CPU.ActiveCfg = Release|Any CPU
		{F6AE03A4-D020-4067-A0D7-EE3B43866F71}.Release|Any CPU.Build.0 = Release|Any CPU
	EndGlobalSection
	GlobalSection(SolutionProperties) = preSolution
		HideSolutionNode = FALSE
	EndGlobalSection
	GlobalSection(ExtensibilityGlobals) = postSolution
		SolutionGuid = {2C1EBEC8-BACD-48B0-9DB8-E448BAC0DC44}
	EndGlobalSection
EndGlobal
